
Microsoft Visual Studio Solution File, Format Version 11.00
# Visual Studio 2010
Project("{FAE04EC0-301F-11D3-BF4B-00C04F79EFBC}") = "Assembly-CSharp", "Assembly-CSharp.csproj", "{9F3D62C3-2CAB-408F-F3F9-764E84B59118}"
EndProject
Project("{FAE04EC0-301F-11D3-BF4B-00C04F79EFBC}") = "Assembly-CSharp-Editor", "Assembly-CSharp-Editor.csproj", "{7CEC9759-F6D0-FE3F-C257-C98017B47593}"
EndProject
Global
	GlobalSection(SolutionConfigurationPlatforms) = preSolution
		Debug|Any CPU = Debug|Any CPU
		Release|Any CPU = Release|Any CPU
	EndGlobalSection
	GlobalSection(ProjectConfigurationPlatforms) = postSolution
		{9F3D62C3-2CAB-408F-F3F9-764E84B59118}.Debug|Any CPU.ActiveCfg = Debug|Any CPU
		{9F3D62C3-2CAB-408F-F3F9-764E84B59118}.Debug|Any CPU.Build.0 = Debug|Any CPU
		{9F3D62C3-2CAB-408F-F3F9-764E84B59118}.Release|Any CPU.ActiveCfg = Release|Any CPU
		{9F3D62C3-2CAB-408F-F3F9-764E84B59118}.Release|Any CPU.Build.0 = Release|Any CPU
		{7CEC9759-F6D0-FE3F-C257-C98017B47593}.Debug|Any CPU.ActiveCfg = Debug|Any CPU
		{7CEC9759-F6D0-FE3F-C257-C98017B47593}.Debug|Any CPU.Build.0 = Debug|Any CPU
		{7CEC9759-F6D0-FE3F-C257-C98017B47593}.Release|Any CPU.ActiveCfg = Release|Any CPU
		{7CEC9759-F6D0-FE3F-C257-C98017B47593}.Release|Any CPU.Build.0 = Release|Any CPU
	EndGlobalSection
	GlobalSection(SolutionProperties) = preSolution
		HideSolutionNode = FALSE
	EndGlobalSection
	GlobalSection(MonoDevelopProperties) = preSolution
		StartupItem = Assembly-CSharp.csproj
	EndGlobalSection
EndGlobal
